// !$*UTF8*$!
{
	archiveVersion = 1;
	classes = {
	};
	objectVersion = 50;
	objects = {

/* Begin PBXBuildFile section */
		74BB03AA24454FBB008EA1BD /* AppDelegate.swift in Sources */ = {isa = PBXBuildFile; fileRef = 74BB03A924454FBB008EA1BD /* AppDelegate.swift */; };
		74BB03AC24454FBB008EA1BD /* SceneDelegate.swift in Sources */ = {isa = PBXBuildFile; fileRef = 74BB03AB24454FBB008EA1BD /* SceneDelegate.swift */; };
		74BB03AE24454FBB008EA1BD /* ViewController.swift in Sources */ = {isa = PBXBuildFile; fileRef = 74BB03AD24454FBB008EA1BD /* ViewController.swift */; };
		74BB03B124454FBB008EA1BD /* Main.storyboard in Resources */ = {isa = PBXBuildFile; fileRef = 74BB03AF24454FBB008EA1BD /* Main.storyboard */; };
		74BB03B324454FBE008EA1BD /* Assets.xcassets in Resources */ = {isa = PBXBuildFile; fileRef = 74BB03B224454FBE008EA1BD /* Assets.xcassets */; };
		74BB03B624454FBE008EA1BD /* LaunchScreen.storyboard in Resources */ = {isa = PBXBuildFile; fileRef = 74BB03B424454FBE008EA1BD /* LaunchScreen.storyboard */; };
/* End PBXBuildFile section */

/* Begin PBXFileReference section */
		74BB03A624454FBB008EA1BD /* Swift_Keyboard.app */ = {isa = PBXFileReference; explicitFileType = wrapper.application; includeInIndex = 0; path = Swift_Keyboard.app; sourceTree = BUILT_PRODUCTS_DIR; };
		74BB03A924454FBB008EA1BD /* AppDelegate.swift */ = {isa = PBXFileReference; lastKnownFileType = sourcecode.swift; path = AppDelegate.swift; sourceTree = "<group>"; };
		74BB03AB24454FBB008EA1BD /* SceneDelegate.swift */ = {isa = PBXFileReference; lastKnownFileType = sourcecode.swift; path = SceneDelegate.swift; sourceTree = "<group>"; };
		74BB03AD24454FBB008EA1BD /* ViewController.swift */ = {isa = PBXFileReference; lastKnownFileType = sourcecode.swift; path = ViewController.swift; sourceTree = "<group>"; };
		74BB03B024454FBB008EA1BD /* Base */ = {isa = PBXFileReference; lastKnownFileType = file.storyboard; name = Base; path = Base.lproj/Main.storyboard; sourceTree = "<group>"; };
		74BB03B224454FBE008EA1BD /* Assets.xcassets */ = {isa = PBXFileReference; lastKnownFileType = folder.assetcatalog; path = Assets.xcassets; sourceTree = "<group>"; };
		74BB03B524454FBE008EA1BD /* Base */ = {isa = PBXFileReference; lastKnownFileType = file.storyboard; name = Base; path = Base.lproj/LaunchScreen.storyboard; sourceTree = "<group>"; };
		74BB03B724454FBE008EA1BD /* Info.plist */ = {isa = PBXFileReference; lastKnownFileType = text.plist.xml; path = Info.plist; sourceTree = "<group>"; };
/* End PBXFileReference section */

/* Begin PBXFrameworksBuildPhase section */
		74BB03A324454FBB008EA1BD /* Frameworks */ = {
			isa = PBXFrameworksBuildPhase;
			buildActionMask = 2147483647;
			files = (
			);
			runOnlyForDeploymentPostprocessing = 0;
		};
/* End PBXFrameworksBuildPhase section */

/* Begin PBXGroup section */
		74BB039D24454FBB008EA1BD = {
			isa = PBXGroup;
			children = (
				74BB03A824454FBB008EA1BD /* Swift_Keyboard */,
				74BB03A724454FBB008EA1BD /* Products */,
			);
			sourceTree = "<group>";
		};
		74BB03A724454FBB008EA1BD /* Products */ = {
			isa = PBXGroup;
			children = (
				74BB03A624454FBB008EA1BD /* Swift_Keyboard.app */,
			);
			name = Products;
			sourceTree = "<group>";
		};
		74BB03A824454FBB008EA1BD /* Swift_Keyboard */ = {
			isa = PBXGroup;
			children = (
				74BB03A924454FBB008EA1BD /* AppDelegate.swift */,
				74BB03AB24454FBB008EA1BD /* SceneDelegate.swift */,
				74BB03AD24454FBB008EA1BD /* ViewController.swift */,
				74BB03AF24454FBB008EA1BD /* Main.storyboard */,
				74BB03B224454FBE008EA1BD /* Assets.xcassets */,
				74BB03B424454FBE008EA1BD /* LaunchScreen.storyboard */,
				74BB03B724454FBE008EA1BD /* Info.plist */,
			);
			path = Swift_Keyboard;
			sourceTree = "<group>";
		};
/* End PBXGroup section */

/* Begin PBXNativeTarget section */
		74BB03A524454FBB008EA1BD /* Swift_Keyboard */ = {
			isa = PBXNativeTarget;
			buildConfigurationList = 74BB03BA24454FBE008EA1BD /* Build configuration list for PBXNativeTarget "Swift_Keyboard" */;
			buildPhases = (
				74BB03A224454FBB008EA1BD /* Sources */,
				74BB03A324454FBB008EA1BD /* Frameworks */,
				74BB03A424454FBB008EA1BD /* Resources */,
			);
			buildRules = (
			);
			dependencies = (
			);
			name = Swift_Keyboard;
			productName = Swift_Keyboard;
			productReference = 74BB03A624454FBB008EA1BD /* Swift_Keyboard.app */;
			productType = "com.apple.product-type.application";
		};
/* End PBXNativeTarget section */

/* Begin PBXProject section */
		74BB039E24454FBB008EA1BD /* Project object */ = {
			isa = PBXProject;
			attributes = {
				LastSwiftUpdateCheck = 1140;
				LastUpgradeCheck = 1140;
				ORGANIZATIONNAME = "白雪";
				TargetAttributes = {
					74BB03A524454FBB008EA1BD = {
						CreatedOnToolsVersion = 11.4;
					};
				};
			};
			buildConfigurationList = 74BB03A124454FBB008EA1BD /* Build configuration list for PBXProject "Swift_Keyboard" */;
			compatibilityVersion = "Xcode 9.3";
			developmentRegion = en;
			hasScannedForEncodings = 0;
			knownRegions = (
				en,
				Base,
			);
			mainGroup = 74BB039D24454FBB008EA1BD;
			productRefGroup = 74BB03A724454FBB008EA1BD /* Products */;
			projectDirPath = "";
			projectRoot = "";
			targets = (
				74BB03A524454FBB008EA1BD /* Swift_Keyboard */,
			);
		};
/* End PBXProject section */

/* Begin PBXResourcesBuildPhase section */
		74BB03A424454FBB008EA1BD /* Resources */ = {
			isa = PBXResourcesBuildPhase;
			buildActionMask = 2147483647;
			files = (
				74BB03B624454FBE008EA1BD /* LaunchScreen.storyboard in Resources */,
				74BB03B324454FBE008EA1BD /* Assets.xcassets in Resources */,
				74BB03B124454FBB008EA1BD /* Main.storyboard in Resources */,
			);
			runOnlyForDeploymentPostprocessing = 0;
		};
/* End PBXResourcesBuildPhase section */

/* Begin PBXSourcesBuildPhase section */
		74BB03A224454FBB008EA1BD /* Sources */ = {
			isa = PBXSourcesBuildPhase;
			buildActionMask = 2147483647;
			files = (
				74BB03AE24454FBB008EA1BD /* ViewController.swift in Sources */,
				74BB03AA24454FBB008EA1BD /* AppDelegate.swift in Sources */,
				74BB03AC24454FBB008EA1BD /* SceneDelegate.swift in Sources */,
			);
			runOnlyForDeploymentPostprocessing = 0;
		};
/* End PBXSourcesBuildPhase section */

/* Begin PBXVariantGroup section */
		74BB03AF24454FBB008EA1BD /* Main.storyboard */ = {
			isa = PBXVariantGroup;
			children = (
				74BB03B024454FBB008EA1BD /* Base */,
			);
			name = Main.storyboard;
			sourceTree = "<group>";
		};
		74BB03B424454FBE008EA1BD /* LaunchScreen.storyboard */ = {
			isa = PBXVariantGroup;
			children = (
				74BB03B524454FBE008EA1BD /* Base */,
			);
			name = LaunchScreen.storyboard;
			sourceTree = "<group>";
		};
/* End PBXVariantGroup section */

/* Begin XCBuildConfiguration section */
		74BB03B824454FBE008EA1BD /* Debug */ = {
			isa = XCBuildConfiguration;
			buildSettings = {
				ALWAYS_SEARCH_USER_PATHS = NO;
				CLANG_ANALYZER_NONNULL = YES;
				CLANG_ANALYZER_NUMBER_OBJECT_CONVERSION = YES_AGGRESSIVE;
				CLANG_CXX_LANGUAGE_STANDARD = "gnu++14";
				CLANG_CXX_LIBRARY = "libc++";
				CLANG_ENABLE_MODULES = YES;
				CLANG_ENABLE_OBJC_ARC = YES;
				CLANG_ENABLE_OBJC_WEAK = YES;
				CLANG_WARN_BLOCK_CAPTURE_AUTORELEASING = YES;
				CLANG_WARN_BOOL_CONVERSION = YES;
				CLANG_WARN_COMMA = YES;
				CLANG_WARN_CONSTANT_CONVERSION = YES;
				CLANG_WARN_DEPRECATED_OBJC_IMPLEMENTATIONS = YES;
				CLANG_WARN_DIRECT_OBJC_ISA_USAGE = YES_ERROR;
				CLANG_WARN_DOCUMENTATION_COMMENTS = YES;
				CLANG_WARN_EMPTY_BODY = YES;
				CLANG_WARN_ENUM_CONVERSION = YES;
				CLANG_WARN_INFINITE_RECURSION = YES;
				CLANG_WARN_INT_CONVERSION = YES;
				CLANG_WARN_NON_LITERAL_NULL_CONVERSION = YES;
				CLANG_WARN_OBJC_IMPLICIT_RETAIN_SELF = YES;
				CLANG_WARN_OBJC_LITERAL_CONVERSION = YES;
				CLANG_WARN_OBJC_ROOT_CLASS = YES_ERROR;
				CLANG_WARN_RANGE_LOOP_ANALYSIS = YES;
				CLANG_WARN_STRICT_PROTOTYPES = YES;
				CLANG_WARN_SUSPICIOUS_MOVE = YES;
				CLANG_WARN_UNGUARDED_AVAILABILITY = YES_AGGRESSIVE;
				CLANG_WARN_UNREACHABLE_CODE = YES;
				CLANG_WARN__DUPLICATE_METHOD_MATCH = YES;
				COPY_PHASE_STRIP = NO;
				DEBUG_INFORMATION_FORMAT = dwarf;
				ENABLE_STRICT_OBJC_MSGSEND = YES;
				ENABLE_TESTABILITY = YES;
				GCC_C_LANGUAGE_STANDARD = gnu11;
				GCC_DYNAMIC_NO_PIC = NO;
				GCC_NO_COMMON_BLOCKS = YES;
				GCC_OPTIMIZATION_LEVEL = 0;
				GCC_PREPROCESSOR_DEFINITIONS = (
					"DEBUG=1",
					"$(inherited)",
				);
				GCC_WARN_64_TO_32_BIT_CONVERSION = YES;
				GCC_WARN_ABOUT_RETURN_TYPE = YES_ERROR;
				GCC_WARN_UNDECLARED_SELECTOR = YES;
				GCC_WARN_UNINITIALIZED_AUTOS = YES_AGGRESSIVE;
				GCC_WARN_UNUSED_FUNCTION = YES;
				GCC_WARN_UNUSED_VARIABLE = YES;
				IPHONEOS_DEPLOYMENT_TARGET = 13.4;
				MTL_ENABLE_DEBUG_INFO = INCLUDE_SOURCE;
				MTL_FAST_MATH = YES;
				ONLY_ACTIVE_ARCH = YES;
				SDKROOT = iphoneos;
				SWIFT_ACTIVE_COMPILATION_CONDITIONS = DEBUG;
				SWIFT_OPTIMIZATION_LEVEL = "-Onone";
			};
			name = Debug;
		};
		74BB03B924454FBE008EA1BD /* Release */ = {
			isa = XCBuildConfiguration;
			buildSettings = {
				ALWAYS_SEARCH_USER_PATHS = NO;
				CLANG_ANALYZER_NONNULL = YES;
				CLANG_ANALYZER_NUMBER_OBJECT_CONVERSION = YES_AGGRESSIVE;
				CLANG_CXX_LANGUAGE_STANDARD = "gnu++14";
				CLANG_CXX_LIBRARY = "libc++";
				CLANG_ENABLE_MODULES = YES;
				CLANG_ENABLE_OBJC_ARC = YES;
				CLANG_ENABLE_OBJC_WEAK = YES;
				CLANG_WARN_BLOCK_CAPTURE_AUTORELEASING = YES;
				CLANG_WARN_BOOL_CONVERSION = YES;
				CLANG_WARN_COMMA = YES;
				CLANG_WARN_CONSTANT_CONVERSION = YES;
				CLANG_WARN_DEPRECATED_OBJC_IMPLEMENTATIONS = YES;
				CLANG_WARN_DIRECT_OBJC_ISA_USAGE = YES_ERROR;
				CLANG_WARN_DOCUMENTATION_COMMENTS = YES;
				CLANG_WARN_EMPTY_BODY = YES;
				CLANG_WARN_ENUM_CONVERSION = YES;
				CLANG_WARN_INFINITE_RECURSION = YES;
				CLANG_WARN_INT_CONVERSION = YES;
				CLANG_WARN_NON_LITERAL_NULL_CONVERSION = YES;
				CLANG_WARN_OBJC_IMPLICIT_RETAIN_SELF = YES;
				CLANG_WARN_OBJC_LITERAL_CONVERSION = YES;
				CLANG_WARN_OBJC_ROOT_CLASS = YES_ERROR;
				CLANG_WARN_RANGE_LOOP_ANALYSIS = YES;
				CLANG_WARN_STRICT_PROTOTYPES = YES;
				CLANG_WARN_SUSPICIOUS_MOVE = YES;
				CLANG_WARN_UNGUARDED_AVAILABILITY = YES_AGGRESSIVE;
				CLANG_WARN_UNREACHABLE_CODE = YES;
				CLANG_WARN__DUPLICATE_METHOD_MATCH = YES;
				COPY_PHASE_STRIP = NO;
				DEBUG_INFORMATION_FORMAT = "dwarf-with-dsym";
				ENABLE_NS_ASSERTIONS = NO;
				ENABLE_STRICT_OBJC_MSGSEND = YES;
				GCC_C_LANGUAGE_STANDARD = gnu11;
				GCC_NO_COMMON_BLOCKS = YES;
				GCC_WARN_64_TO_32_BIT_CONVERSION = YES;
				GCC_WARN_ABOUT_RETURN_TYPE = YES_ERROR;
				GCC_WARN_UNDECLARED_SELECTOR = YES;
				GCC_WARN_UNINITIALIZED_AUTOS = YES_AGGRESSIVE;
				GCC_WARN_UNUSED_FUNCTION = YES;
				GCC_WARN_UNUSED_VARIABLE = YES;
				IPHONEOS_DEPLOYMENT_TARGET = 13.4;
				MTL_ENABLE_DEBUG_INFO = NO;
				MTL_FAST_MATH = YES;
				SDKROOT = iphoneos;
				SWIFT_COMPILATION_MODE = wholemodule;
				SWIFT_OPTIMIZATION_LEVEL = "-O";
				VALIDATE_PRODUCT = YES;
			};
			name = Release;
		};
		74BB03BB24454FBE008EA1BD /* Debug */ = {
			isa = XCBuildConfiguration;
			buildSettings = {
				ASSETCATALOG_COMPILER_APPICON_NAME = AppIcon;
				CODE_SIGN_STYLE = Automatic;
				DEVELOPMENT_TEAM = QPB4C4K9Y6;
				INFOPLIST_FILE = Swift_Keyboard/Info.plist;
				LD_RUNPATH_SEARCH_PATHS = (
					"$(inherited)",
					"@executable_path/Frameworks",
				);
				PRODUCT_BUNDLE_IDENTIFIER = "baixue.Swift-Keyboard";
				PRODUCT_NAME = "$(TARGET_NAME)";
				SWIFT_VERSION = 5.0;
				TARGETED_DEVICE_FAMILY = "1,2";
			};
			name = Debug;
		};
		74BB03BC24454FBE008EA1BD /* Release */ = {
			isa = XCBuildConfiguration;
			buildSettings = {
				ASSETCATALOG_COMPILER_APPICON_NAME = AppIcon;
				CODE_SIGN_STYLE = Automatic;
				DEVELOPMENT_TEAM = QPB4C4K9Y6;
				INFOPLIST_FILE = Swift_Keyboard/Info.plist;
				LD_RUNPATH_SEARCH_PATHS = (
					"$(inherited)",
					"@executable_path/Frameworks",
				);
				PRODUCT_BUNDLE_IDENTIFIER = "baixue.Swift-Keyboard";
				PRODUCT_NAME = "$(TARGET_NAME)";
				SWIFT_VERSION = 5.0;
				TARGETED_DEVICE_FAMILY = "1,2";
			};
			name = Release;
		};
/* End XCBuildConfiguration section */

/* Begin XCConfigurationList section */
		74BB03A124454FBB008EA1BD /* Build configuration list for PBXProject "Swift_Keyboard" */ = {
			isa = XCConfigurationList;
			buildConfigurations = (
				74BB03B824454FBE008EA1BD /* Debug */,
				74BB03B924454FBE008EA1BD /* Release */,
			);
			defaultConfigurationIsVisible = 0;
			defaultConfigurationName = Release;
		};
		74BB03BA24454FBE008EA1BD /* Build configuration list for PBXNativeTarget "Swift_Keyboard" */ = {
			isa = XCConfigurationList;
			buildConfigurations = (
				74BB03BB24454FBE008EA1BD /* Debug */,
				74BB03BC24454FBE008EA1BD /* Release */,
			);
			defaultConfigurationIsVisible = 0;
			defaultConfigurationName = Release;
		};
/* End XCConfigurationList section */
	};
	rootObject = 74BB039E24454FBB008EA1BD /* Project object */;
}
