// !$*UTF8*$!
{
	archiveVersion = 1;
	classes = {
	};
	objectVersion = 50;
	objects = {

/* Begin PBXBuildFile section */
		74931D3A241B88FB00442E56 /* AppDelegate.swift in Sources */ = {isa = PBXBuildFile; fileRef = 74931D39241B88FB00442E56 /* AppDelegate.swift */; };
		74931D3C241B88FB00442E56 /* SceneDelegate.swift in Sources */ = {isa = PBXBuildFile; fileRef = 74931D3B241B88FB00442E56 /* SceneDelegate.swift */; };
		74931D3E241B88FB00442E56 /* ViewController.swift in Sources */ = {isa = PBXBuildFile; fileRef = 74931D3D241B88FB00442E56 /* ViewController.swift */; };
		74931D41241B88FB00442E56 /* Main.storyboard in Resources */ = {isa = PBXBuildFile; fileRef = 74931D3F241B88FB00442E56 /* Main.storyboard */; };
		74931D43241B88FD00442E56 /* Assets.xcassets in Resources */ = {isa = PBXBuildFile; fileRef = 74931D42241B88FD00442E56 /* Assets.xcassets */; };
		74931D46241B88FD00442E56 /* LaunchScreen.storyboard in Resources */ = {isa = PBXBuildFile; fileRef = 74931D44241B88FD00442E56 /* LaunchScreen.storyboard */; };
		74931D62241B89C000442E56 /* SwiftWebVCActivityChrome.swift in Sources */ = {isa = PBXBuildFile; fileRef = 74931D4E241B89C000442E56 /* SwiftWebVCActivityChrome.swift */; };
		74931D63241B89C000442E56 /* SwiftWebVC.strings in Resources */ = {isa = PBXBuildFile; fileRef = 74931D50241B89C000442E56 /* SwiftWebVC.strings */; };
		74931D64241B89C000442E56 /* SwiftWebVCActivity.swift in Sources */ = {isa = PBXBuildFile; fileRef = 74931D5C241B89C000442E56 /* SwiftWebVCActivity.swift */; };
		74931D65241B89C000442E56 /* Media.xcassets in Resources */ = {isa = PBXBuildFile; fileRef = 74931D5E241B89C000442E56 /* Media.xcassets */; };
		74931D66241B89C000442E56 /* SwiftModalWebVC.swift in Sources */ = {isa = PBXBuildFile; fileRef = 74931D5F241B89C000442E56 /* SwiftModalWebVC.swift */; };
		74931D67241B89C000442E56 /* SwiftWebVCActivitySafari.swift in Sources */ = {isa = PBXBuildFile; fileRef = 74931D60241B89C000442E56 /* SwiftWebVCActivitySafari.swift */; };
		74931D68241B89C000442E56 /* SwiftWebVC.swift in Sources */ = {isa = PBXBuildFile; fileRef = 74931D61241B89C000442E56 /* SwiftWebVC.swift */; };
/* End PBXBuildFile section */

/* Begin PBXFileReference section */
		74931D36241B88FB00442E56 /* swift_WebView3.0.app */ = {isa = PBXFileReference; explicitFileType = wrapper.application; includeInIndex = 0; path = swift_WebView3.0.app; sourceTree = BUILT_PRODUCTS_DIR; };
		74931D39241B88FB00442E56 /* AppDelegate.swift */ = {isa = PBXFileReference; lastKnownFileType = sourcecode.swift; path = AppDelegate.swift; sourceTree = "<group>"; };
		74931D3B241B88FB00442E56 /* SceneDelegate.swift */ = {isa = PBXFileReference; lastKnownFileType = sourcecode.swift; path = SceneDelegate.swift; sourceTree = "<group>"; };
		74931D3D241B88FB00442E56 /* ViewController.swift */ = {isa = PBXFileReference; lastKnownFileType = sourcecode.swift; path = ViewController.swift; sourceTree = "<group>"; };
		74931D40241B88FB00442E56 /* Base */ = {isa = PBXFileReference; lastKnownFileType = file.storyboard; name = Base; path = Base.lproj/Main.storyboard; sourceTree = "<group>"; };
		74931D42241B88FD00442E56 /* Assets.xcassets */ = {isa = PBXFileReference; lastKnownFileType = folder.assetcatalog; path = Assets.xcassets; sourceTree = "<group>"; };
		74931D45241B88FD00442E56 /* Base */ = {isa = PBXFileReference; lastKnownFileType = file.storyboard; name = Base; path = Base.lproj/LaunchScreen.storyboard; sourceTree = "<group>"; };
		74931D47241B88FD00442E56 /* Info.plist */ = {isa = PBXFileReference; lastKnownFileType = text.plist.xml; path = Info.plist; sourceTree = "<group>"; };
		74931D4E241B89C000442E56 /* SwiftWebVCActivityChrome.swift */ = {isa = PBXFileReference; fileEncoding = 4; lastKnownFileType = sourcecode.swift; path = SwiftWebVCActivityChrome.swift; sourceTree = "<group>"; };
		74931D51241B89C000442E56 /* de */ = {isa = PBXFileReference; lastKnownFileType = text.plist.strings; name = de; path = de.lproj/SwiftWebVC.strings; sourceTree = "<group>"; };
		74931D52241B89C000442E56 /* zh-Hans */ = {isa = PBXFileReference; lastKnownFileType = text.plist.strings; name = "zh-Hans"; path = "zh-Hans.lproj/SwiftWebVC.strings"; sourceTree = "<group>"; };
		74931D53241B89C000442E56 /* ja */ = {isa = PBXFileReference; lastKnownFileType = text.plist.strings; name = ja; path = ja.lproj/SwiftWebVC.strings; sourceTree = "<group>"; };
		74931D54241B89C000442E56 /* en */ = {isa = PBXFileReference; lastKnownFileType = text.plist.strings; name = en; path = en.lproj/SwiftWebVC.strings; sourceTree = "<group>"; };
		74931D55241B89C000442E56 /* es */ = {isa = PBXFileReference; lastKnownFileType = text.plist.strings; name = es; path = es.lproj/SwiftWebVC.strings; sourceTree = "<group>"; };
		74931D56241B89C000442E56 /* da */ = {isa = PBXFileReference; lastKnownFileType = text.plist.strings; name = da; path = da.lproj/SwiftWebVC.strings; sourceTree = "<group>"; };
		74931D57241B89C000442E56 /* es-ES */ = {isa = PBXFileReference; lastKnownFileType = text.plist.strings; name = "es-ES"; path = "es-ES.lproj/SwiftWebVC.strings"; sourceTree = "<group>"; };
		74931D58241B89C000442E56 /* zh-Hant */ = {isa = PBXFileReference; lastKnownFileType = text.plist.strings; name = "zh-Hant"; path = "zh-Hant.lproj/SwiftWebVC.strings"; sourceTree = "<group>"; };
		74931D59241B89C000442E56 /* vi */ = {isa = PBXFileReference; lastKnownFileType = text.plist.strings; name = vi; path = vi.lproj/SwiftWebVC.strings; sourceTree = "<group>"; };
		74931D5A241B89C000442E56 /* fr */ = {isa = PBXFileReference; lastKnownFileType = text.plist.strings; name = fr; path = fr.lproj/SwiftWebVC.strings; sourceTree = "<group>"; };
		74931D5B241B89C000442E56 /* pt */ = {isa = PBXFileReference; lastKnownFileType = text.plist.strings; name = pt; path = pt.lproj/SwiftWebVC.strings; sourceTree = "<group>"; };
		74931D5C241B89C000442E56 /* SwiftWebVCActivity.swift */ = {isa = PBXFileReference; fileEncoding = 4; lastKnownFileType = sourcecode.swift; path = SwiftWebVCActivity.swift; sourceTree = "<group>"; };
		74931D5E241B89C000442E56 /* Media.xcassets */ = {isa = PBXFileReference; lastKnownFileType = folder.assetcatalog; path = Media.xcassets; sourceTree = "<group>"; };
		74931D5F241B89C000442E56 /* SwiftModalWebVC.swift */ = {isa = PBXFileReference; fileEncoding = 4; lastKnownFileType = sourcecode.swift; path = SwiftModalWebVC.swift; sourceTree = "<group>"; };
		74931D60241B89C000442E56 /* SwiftWebVCActivitySafari.swift */ = {isa = PBXFileReference; fileEncoding = 4; lastKnownFileType = sourcecode.swift; path = SwiftWebVCActivitySafari.swift; sourceTree = "<group>"; };
		74931D61241B89C000442E56 /* SwiftWebVC.swift */ = {isa = PBXFileReference; fileEncoding = 4; lastKnownFileType = sourcecode.swift; path = SwiftWebVC.swift; sourceTree = "<group>"; };
/* End PBXFileReference section */

/* Begin PBXFrameworksBuildPhase section */
		74931D33241B88FB00442E56 /* Frameworks */ = {
			isa = PBXFrameworksBuildPhase;
			buildActionMask = 2147483647;
			files = (
			);
			runOnlyForDeploymentPostprocessing = 0;
		};
/* End PBXFrameworksBuildPhase section */

/* Begin PBXGroup section */
		74931D2D241B88FB00442E56 = {
			isa = PBXGroup;
			children = (
				74931D38241B88FB00442E56 /* swift_WebView3.0 */,
				74931D37241B88FB00442E56 /* Products */,
			);
			sourceTree = "<group>";
		};
		74931D37241B88FB00442E56 /* Products */ = {
			isa = PBXGroup;
			children = (
				74931D36241B88FB00442E56 /* swift_WebView3.0.app */,
			);
			name = Products;
			sourceTree = "<group>";
		};
		74931D38241B88FB00442E56 /* swift_WebView3.0 */ = {
			isa = PBXGroup;
			children = (
				74931D4D241B89C000442E56 /* SwiftWebVC */,
				74931D39241B88FB00442E56 /* AppDelegate.swift */,
				74931D3B241B88FB00442E56 /* SceneDelegate.swift */,
				74931D3D241B88FB00442E56 /* ViewController.swift */,
				74931D3F241B88FB00442E56 /* Main.storyboard */,
				74931D42241B88FD00442E56 /* Assets.xcassets */,
				74931D44241B88FD00442E56 /* LaunchScreen.storyboard */,
				74931D47241B88FD00442E56 /* Info.plist */,
			);
			path = swift_WebView3.0;
			sourceTree = "<group>";
		};
		74931D4D241B89C000442E56 /* SwiftWebVC */ = {
			isa = PBXGroup;
			children = (
				74931D4E241B89C000442E56 /* SwiftWebVCActivityChrome.swift */,
				74931D4F241B89C000442E56 /* Strings */,
				74931D5C241B89C000442E56 /* SwiftWebVCActivity.swift */,
				74931D5D241B89C000442E56 /* Resources */,
				74931D5F241B89C000442E56 /* SwiftModalWebVC.swift */,
				74931D60241B89C000442E56 /* SwiftWebVCActivitySafari.swift */,
				74931D61241B89C000442E56 /* SwiftWebVC.swift */,
			);
			path = SwiftWebVC;
			sourceTree = "<group>";
		};
		74931D4F241B89C000442E56 /* Strings */ = {
			isa = PBXGroup;
			children = (
				74931D50241B89C000442E56 /* SwiftWebVC.strings */,
			);
			path = Strings;
			sourceTree = "<group>";
		};
		74931D5D241B89C000442E56 /* Resources */ = {
			isa = PBXGroup;
			children = (
				74931D5E241B89C000442E56 /* Media.xcassets */,
			);
			path = Resources;
			sourceTree = "<group>";
		};
/* End PBXGroup section */

/* Begin PBXNativeTarget section */
		74931D35241B88FB00442E56 /* swift_WebView3.0 */ = {
			isa = PBXNativeTarget;
			buildConfigurationList = 74931D4A241B88FD00442E56 /* Build configuration list for PBXNativeTarget "swift_WebView3.0" */;
			buildPhases = (
				74931D32241B88FB00442E56 /* Sources */,
				74931D33241B88FB00442E56 /* Frameworks */,
				74931D34241B88FB00442E56 /* Resources */,
			);
			buildRules = (
			);
			dependencies = (
			);
			name = swift_WebView3.0;
			productName = swift_WebView3.0;
			productReference = 74931D36241B88FB00442E56 /* swift_WebView3.0.app */;
			productType = "com.apple.product-type.application";
		};
/* End PBXNativeTarget section */

/* Begin PBXProject section */
		74931D2E241B88FB00442E56 /* Project object */ = {
			isa = PBXProject;
			attributes = {
				LastSwiftUpdateCheck = 1130;
				LastUpgradeCheck = 1130;
				ORGANIZATIONNAME = "白雪";
				TargetAttributes = {
					74931D35241B88FB00442E56 = {
						CreatedOnToolsVersion = 11.3.1;
					};
				};
			};
			buildConfigurationList = 74931D31241B88FB00442E56 /* Build configuration list for PBXProject "swift_WebView3.0" */;
			compatibilityVersion = "Xcode 9.3";
			developmentRegion = en;
			hasScannedForEncodings = 0;
			knownRegions = (
				en,
				Base,
				de,
				"zh-Hans",
				ja,
				es,
				da,
				"es-ES",
				"zh-Hant",
				vi,
				fr,
				pt,
			);
			mainGroup = 74931D2D241B88FB00442E56;
			productRefGroup = 74931D37241B88FB00442E56 /* Products */;
			projectDirPath = "";
			projectRoot = "";
			targets = (
				74931D35241B88FB00442E56 /* swift_WebView3.0 */,
			);
		};
/* End PBXProject section */

/* Begin PBXResourcesBuildPhase section */
		74931D34241B88FB00442E56 /* Resources */ = {
			isa = PBXResourcesBuildPhase;
			buildActionMask = 2147483647;
			files = (
				74931D65241B89C000442E56 /* Media.xcassets in Resources */,
				74931D46241B88FD00442E56 /* LaunchScreen.storyboard in Resources */,
				74931D43241B88FD00442E56 /* Assets.xcassets in Resources */,
				74931D63241B89C000442E56 /* SwiftWebVC.strings in Resources */,
				74931D41241B88FB00442E56 /* Main.storyboard in Resources */,
			);
			runOnlyForDeploymentPostprocessing = 0;
		};
/* End PBXResourcesBuildPhase section */

/* Begin PBXSourcesBuildPhase section */
		74931D32241B88FB00442E56 /* Sources */ = {
			isa = PBXSourcesBuildPhase;
			buildActionMask = 2147483647;
			files = (
				74931D62241B89C000442E56 /* SwiftWebVCActivityChrome.swift in Sources */,
				74931D3E241B88FB00442E56 /* ViewController.swift in Sources */,
				74931D3A241B88FB00442E56 /* AppDelegate.swift in Sources */,
				74931D67241B89C000442E56 /* SwiftWebVCActivitySafari.swift in Sources */,
				74931D66241B89C000442E56 /* SwiftModalWebVC.swift in Sources */,
				74931D3C241B88FB00442E56 /* SceneDelegate.swift in Sources */,
				74931D64241B89C000442E56 /* SwiftWebVCActivity.swift in Sources */,
				74931D68241B89C000442E56 /* SwiftWebVC.swift in Sources */,
			);
			runOnlyForDeploymentPostprocessing = 0;
		};
/* End PBXSourcesBuildPhase section */

/* Begin PBXVariantGroup section */
		74931D3F241B88FB00442E56 /* Main.storyboard */ = {
			isa = PBXVariantGroup;
			children = (
				74931D40241B88FB00442E56 /* Base */,
			);
			name = Main.storyboard;
			sourceTree = "<group>";
		};
		74931D44241B88FD00442E56 /* LaunchScreen.storyboard */ = {
			isa = PBXVariantGroup;
			children = (
				74931D45241B88FD00442E56 /* Base */,
			);
			name = LaunchScreen.storyboard;
			sourceTree = "<group>";
		};
		74931D50241B89C000442E56 /* SwiftWebVC.strings */ = {
			isa = PBXVariantGroup;
			children = (
				74931D51241B89C000442E56 /* de */,
				74931D52241B89C000442E56 /* zh-Hans */,
				74931D53241B89C000442E56 /* ja */,
				74931D54241B89C000442E56 /* en */,
				74931D55241B89C000442E56 /* es */,
				74931D56241B89C000442E56 /* da */,
				74931D57241B89C000442E56 /* es-ES */,
				74931D58241B89C000442E56 /* zh-Hant */,
				74931D59241B89C000442E56 /* vi */,
				74931D5A241B89C000442E56 /* fr */,
				74931D5B241B89C000442E56 /* pt */,
			);
			name = SwiftWebVC.strings;
			sourceTree = "<group>";
		};
/* End PBXVariantGroup section */

/* Begin XCBuildConfiguration section */
		74931D48241B88FD00442E56 /* Debug */ = {
			isa = XCBuildConfiguration;
			buildSettings = {
				ALWAYS_SEARCH_USER_PATHS = NO;
				CLANG_ANALYZER_NONNULL = YES;
				CLANG_ANALYZER_NUMBER_OBJECT_CONVERSION = YES_AGGRESSIVE;
				CLANG_CXX_LANGUAGE_STANDARD = "gnu++14";
				CLANG_CXX_LIBRARY = "libc++";
				CLANG_ENABLE_MODULES = YES;
				CLANG_ENABLE_OBJC_ARC = YES;
				CLANG_ENABLE_OBJC_WEAK = YES;
				CLANG_WARN_BLOCK_CAPTURE_AUTORELEASING = YES;
				CLANG_WARN_BOOL_CONVERSION = YES;
				CLANG_WARN_COMMA = YES;
				CLANG_WARN_CONSTANT_CONVERSION = YES;
				CLANG_WARN_DEPRECATED_OBJC_IMPLEMENTATIONS = YES;
				CLANG_WARN_DIRECT_OBJC_ISA_USAGE = YES_ERROR;
				CLANG_WARN_DOCUMENTATION_COMMENTS = YES;
				CLANG_WARN_EMPTY_BODY = YES;
				CLANG_WARN_ENUM_CONVERSION = YES;
				CLANG_WARN_INFINITE_RECURSION = YES;
				CLANG_WARN_INT_CONVERSION = YES;
				CLANG_WARN_NON_LITERAL_NULL_CONVERSION = YES;
				CLANG_WARN_OBJC_IMPLICIT_RETAIN_SELF = YES;
				CLANG_WARN_OBJC_LITERAL_CONVERSION = YES;
				CLANG_WARN_OBJC_ROOT_CLASS = YES_ERROR;
				CLANG_WARN_RANGE_LOOP_ANALYSIS = YES;
				CLANG_WARN_STRICT_PROTOTYPES = YES;
				CLANG_WARN_SUSPICIOUS_MOVE = YES;
				CLANG_WARN_UNGUARDED_AVAILABILITY = YES_AGGRESSIVE;
				CLANG_WARN_UNREACHABLE_CODE = YES;
				CLANG_WARN__DUPLICATE_METHOD_MATCH = YES;
				COPY_PHASE_STRIP = NO;
				DEBUG_INFORMATION_FORMAT = dwarf;
				ENABLE_STRICT_OBJC_MSGSEND = YES;
				ENABLE_TESTABILITY = YES;
				GCC_C_LANGUAGE_STANDARD = gnu11;
				GCC_DYNAMIC_NO_PIC = NO;
				GCC_NO_COMMON_BLOCKS = YES;
				GCC_OPTIMIZATION_LEVEL = 0;
				GCC_PREPROCESSOR_DEFINITIONS = (
					"DEBUG=1",
					"$(inherited)",
				);
				GCC_WARN_64_TO_32_BIT_CONVERSION = YES;
				GCC_WARN_ABOUT_RETURN_TYPE = YES_ERROR;
				GCC_WARN_UNDECLARED_SELECTOR = YES;
				GCC_WARN_UNINITIALIZED_AUTOS = YES_AGGRESSIVE;
				GCC_WARN_UNUSED_FUNCTION = YES;
				GCC_WARN_UNUSED_VARIABLE = YES;
				IPHONEOS_DEPLOYMENT_TARGET = 13.2;
				MTL_ENABLE_DEBUG_INFO = INCLUDE_SOURCE;
				MTL_FAST_MATH = YES;
				ONLY_ACTIVE_ARCH = YES;
				SDKROOT = iphoneos;
				SWIFT_ACTIVE_COMPILATION_CONDITIONS = DEBUG;
				SWIFT_OPTIMIZATION_LEVEL = "-Onone";
			};
			name = Debug;
		};
		74931D49241B88FD00442E56 /* Release */ = {
			isa = XCBuildConfiguration;
			buildSettings = {
				ALWAYS_SEARCH_USER_PATHS = NO;
				CLANG_ANALYZER_NONNULL = YES;
				CLANG_ANALYZER_NUMBER_OBJECT_CONVERSION = YES_AGGRESSIVE;
				CLANG_CXX_LANGUAGE_STANDARD = "gnu++14";
				CLANG_CXX_LIBRARY = "libc++";
				CLANG_ENABLE_MODULES = YES;
				CLANG_ENABLE_OBJC_ARC = YES;
				CLANG_ENABLE_OBJC_WEAK = YES;
				CLANG_WARN_BLOCK_CAPTURE_AUTORELEASING = YES;
				CLANG_WARN_BOOL_CONVERSION = YES;
				CLANG_WARN_COMMA = YES;
				CLANG_WARN_CONSTANT_CONVERSION = YES;
				CLANG_WARN_DEPRECATED_OBJC_IMPLEMENTATIONS = YES;
				CLANG_WARN_DIRECT_OBJC_ISA_USAGE = YES_ERROR;
				CLANG_WARN_DOCUMENTATION_COMMENTS = YES;
				CLANG_WARN_EMPTY_BODY = YES;
				CLANG_WARN_ENUM_CONVERSION = YES;
				CLANG_WARN_INFINITE_RECURSION = YES;
				CLANG_WARN_INT_CONVERSION = YES;
				CLANG_WARN_NON_LITERAL_NULL_CONVERSION = YES;
				CLANG_WARN_OBJC_IMPLICIT_RETAIN_SELF = YES;
				CLANG_WARN_OBJC_LITERAL_CONVERSION = YES;
				CLANG_WARN_OBJC_ROOT_CLASS = YES_ERROR;
				CLANG_WARN_RANGE_LOOP_ANALYSIS = YES;
				CLANG_WARN_STRICT_PROTOTYPES = YES;
				CLANG_WARN_SUSPICIOUS_MOVE = YES;
				CLANG_WARN_UNGUARDED_AVAILABILITY = YES_AGGRESSIVE;
				CLANG_WARN_UNREACHABLE_CODE = YES;
				CLANG_WARN__DUPLICATE_METHOD_MATCH = YES;
				COPY_PHASE_STRIP = NO;
				DEBUG_INFORMATION_FORMAT = "dwarf-with-dsym";
				ENABLE_NS_ASSERTIONS = NO;
				ENABLE_STRICT_OBJC_MSGSEND = YES;
				GCC_C_LANGUAGE_STANDARD = gnu11;
				GCC_NO_COMMON_BLOCKS = YES;
				GCC_WARN_64_TO_32_BIT_CONVERSION = YES;
				GCC_WARN_ABOUT_RETURN_TYPE = YES_ERROR;
				GCC_WARN_UNDECLARED_SELECTOR = YES;
				GCC_WARN_UNINITIALIZED_AUTOS = YES_AGGRESSIVE;
				GCC_WARN_UNUSED_FUNCTION = YES;
				GCC_WARN_UNUSED_VARIABLE = YES;
				IPHONEOS_DEPLOYMENT_TARGET = 13.2;
				MTL_ENABLE_DEBUG_INFO = NO;
				MTL_FAST_MATH = YES;
				SDKROOT = iphoneos;
				SWIFT_COMPILATION_MODE = wholemodule;
				SWIFT_OPTIMIZATION_LEVEL = "-O";
				VALIDATE_PRODUCT = YES;
			};
			name = Release;
		};
		74931D4B241B88FD00442E56 /* Debug */ = {
			isa = XCBuildConfiguration;
			buildSettings = {
				ASSETCATALOG_COMPILER_APPICON_NAME = AppIcon;
				CODE_SIGN_STYLE = Automatic;
				DEVELOPMENT_TEAM = 79L9Y8T3Q5;
				INFOPLIST_FILE = swift_WebView3.0/Info.plist;
				LD_RUNPATH_SEARCH_PATHS = (
					"$(inherited)",
					"@executable_path/Frameworks",
				);
				PRODUCT_BUNDLE_IDENTIFIER = "baixue.swift-WebView3-0";
				PRODUCT_NAME = "$(TARGET_NAME)";
				SWIFT_VERSION = 5.0;
				TARGETED_DEVICE_FAMILY = "1,2";
			};
			name = Debug;
		};
		74931D4C241B88FD00442E56 /* Release */ = {
			isa = XCBuildConfiguration;
			buildSettings = {
				ASSETCATALOG_COMPILER_APPICON_NAME = AppIcon;
				CODE_SIGN_STYLE = Automatic;
				DEVELOPMENT_TEAM = 79L9Y8T3Q5;
				INFOPLIST_FILE = swift_WebView3.0/Info.plist;
				LD_RUNPATH_SEARCH_PATHS = (
					"$(inherited)",
					"@executable_path/Frameworks",
				);
				PRODUCT_BUNDLE_IDENTIFIER = "baixue.swift-WebView3-0";
				PRODUCT_NAME = "$(TARGET_NAME)";
				SWIFT_VERSION = 5.0;
				TARGETED_DEVICE_FAMILY = "1,2";
			};
			name = Release;
		};
/* End XCBuildConfiguration section */

/* Begin XCConfigurationList section */
		74931D31241B88FB00442E56 /* Build configuration list for PBXProject "swift_WebView3.0" */ = {
			isa = XCConfigurationList;
			buildConfigurations = (
				74931D48241B88FD00442E56 /* Debug */,
				74931D49241B88FD00442E56 /* Release */,
			);
			defaultConfigurationIsVisible = 0;
			defaultConfigurationName = Release;
		};
		74931D4A241B88FD00442E56 /* Build configuration list for PBXNativeTarget "swift_WebView3.0" */ = {
			isa = XCConfigurationList;
			buildConfigurations = (
				74931D4B241B88FD00442E56 /* Debug */,
				74931D4C241B88FD00442E56 /* Release */,
			);
			defaultConfigurationIsVisible = 0;
			defaultConfigurationName = Release;
		};
/* End XCConfigurationList section */
	};
	rootObject = 74931D2E241B88FB00442E56 /* Project object */;
}
